
Microsoft Visual Studio Solution File, Format Version 12.00
# Visual Studio Version 17
VisualStudioVersion = 17.3.32825.248
MinimumVisualStudioVersion = 10.0.40219.1
Project("{2150E333-8FDC-42A3-9474-1A3956D46DE8}") = "src", "src", "{E969BE9E-9EAB-40BC-9583-D13621BAD7EB}"
EndProject
Project("{2150E333-8FDC-42A3-9474-1A3956D46DE8}") = "corePackages", "corePackages", "{E6877D8F-ADA6-46FD-9221-404F96C7700A}"
EndProject
Project("{FAE04EC0-301F-11D3-BF4B-00C04F79EFBC}") = "Core.Application", "Core.Application\Core.Application.csproj", "{1D96C0FD-A22A-4048-875F-9D9D8C7F50D8}"
EndProject
Project("{FAE04EC0-301F-11D3-BF4B-00C04F79EFBC}") = "Core.CrossCuttingConcerns", "Core.CrossCuttingConcerns\Core.CrossCuttingConcerns.csproj", "{2A4910CB-D455-460C-AF1C-80CE93F68A5E}"
EndProject
Project("{FAE04EC0-301F-11D3-BF4B-00C04F79EFBC}") = "Core.ElasticSearch", "Core.ElasticSearch\Core.ElasticSearch.csproj", "{0382913D-7216-4AAC-BEAE-ABA5C6E1A651}"
EndProject
Project("{FAE04EC0-301F-11D3-BF4B-00C04F79EFBC}") = "Core.Mailing", "Core.Mailing\Core.Mailing.csproj", "{0DD4CA8C-0C09-45C6-BB9A-21F8FC03BA76}"
EndProject
Project("{FAE04EC0-301F-11D3-BF4B-00C04F79EFBC}") = "Core.Persistence", "Core.Persistence\Core.Persistence.csproj", "{92D72059-7F4F-4CA0-8064-94868CB940C0}"
EndProject
Project("{FAE04EC0-301F-11D3-BF4B-00C04F79EFBC}") = "Core.Security", "Core.Security\Core.Security.csproj", "{6B1A9939-EACE-43B1-863A-B2FE7F58A268}"
EndProject
Project("{2150E333-8FDC-42A3-9474-1A3956D46DE8}") = "kodlama.io.devs", "kodlama.io.devs", "{32F70EB2-A72B-4751-8A21-A457D854F53F}"
EndProject
Project("{FAE04EC0-301F-11D3-BF4B-00C04F79EFBC}") = "Application", "Application\Application.csproj", "{8C03EF0F-57DC-4D18-8B88-D77313E371DA}"
EndProject
Project("{FAE04EC0-301F-11D3-BF4B-00C04F79EFBC}") = "Domain", "Domain\Domain.csproj", "{74BDEC9A-D55F-4031-829B-0ACF3AD1F69A}"
EndProject
Project("{FAE04EC0-301F-11D3-BF4B-00C04F79EFBC}") = "Infrastructure", "Infrastructure\Infrastructure.csproj", "{69860316-DB99-4C74-AD7A-31177F2733A3}"
EndProject
Project("{FAE04EC0-301F-11D3-BF4B-00C04F79EFBC}") = "Persistence", "Persistence\Persistence.csproj", "{019D43AC-296E-434E-90B9-0C122CDBD67E}"
EndProject
Project("{FAE04EC0-301F-11D3-BF4B-00C04F79EFBC}") = "WebAPI", "WebAPI\WebAPI.csproj", "{38D76700-C62B-4B5E-A1CE-C073798A0E90}"
EndProject
Global
	GlobalSection(SolutionConfigurationPlatforms) = preSolution
		Debug|Any CPU = Debug|Any CPU
		Release|Any CPU = Release|Any CPU
	EndGlobalSection
	GlobalSection(ProjectConfigurationPlatforms) = postSolution
		{1D96C0FD-A22A-4048-875F-9D9D8C7F50D8}.Debug|Any CPU.ActiveCfg = Debug|Any CPU
		{1D96C0FD-A22A-4048-875F-9D9D8C7F50D8}.Debug|Any CPU.Build.0 = Debug|Any CPU
		{1D96C0FD-A22A-4048-875F-9D9D8C7F50D8}.Release|Any CPU.ActiveCfg = Release|Any CPU
		{1D96C0FD-A22A-4048-875F-9D9D8C7F50D8}.Release|Any CPU.Build.0 = Release|Any CPU
		{2A4910CB-D455-460C-AF1C-80CE93F68A5E}.Debug|Any CPU.ActiveCfg = Debug|Any CPU
		{2A4910CB-D455-460C-AF1C-80CE93F68A5E}.Debug|Any CPU.Build.0 = Debug|Any CPU
		{2A4910CB-D455-460C-AF1C-80CE93F68A5E}.Release|Any CPU.ActiveCfg = Release|Any CPU
		{2A4910CB-D455-460C-AF1C-80CE93F68A5E}.Release|Any CPU.Build.0 = Release|Any CPU
		{0382913D-7216-4AAC-BEAE-ABA5C6E1A651}.Debug|Any CPU.ActiveCfg = Debug|Any CPU
		{0382913D-7216-4AAC-BEAE-ABA5C6E1A651}.Debug|Any CPU.Build.0 = Debug|Any CPU
		{0382913D-7216-4AAC-BEAE-ABA5C6E1A651}.Release|Any CPU.ActiveCfg = Release|Any CPU
		{0382913D-7216-4AAC-BEAE-ABA5C6E1A651}.Release|Any CPU.Build.0 = Release|Any CPU
		{0DD4CA8C-0C09-45C6-BB9A-21F8FC03BA76}.Debug|Any CPU.ActiveCfg = Debug|Any CPU
		{0DD4CA8C-0C09-45C6-BB9A-21F8FC03BA76}.Debug|Any CPU.Build.0 = Debug|Any CPU
		{0DD4CA8C-0C09-45C6-BB9A-21F8FC03BA76}.Release|Any CPU.ActiveCfg = Release|Any CPU
		{0DD4CA8C-0C09-45C6-BB9A-21F8FC03BA76}.Release|Any CPU.Build.0 = Release|Any CPU
		{92D72059-7F4F-4CA0-8064-94868CB940C0}.Debug|Any CPU.ActiveCfg = Debug|Any CPU
		{92D72059-7F4F-4CA0-8064-94868CB940C0}.Debug|Any CPU.Build.0 = Debug|Any CPU
		{92D72059-7F4F-4CA0-8064-94868CB940C0}.Release|Any CPU.ActiveCfg = Release|Any CPU
		{92D72059-7F4F-4CA0-8064-94868CB940C0}.Release|Any CPU.Build.0 = Release|Any CPU
		{6B1A9939-EACE-43B1-863A-B2FE7F58A268}.Debug|Any CPU.ActiveCfg = Debug|Any CPU
		{6B1A9939-EACE-43B1-863A-B2FE7F58A268}.Debug|Any CPU.Build.0 = Debug|Any CPU
		{6B1A9939-EACE-43B1-863A-B2FE7F58A268}.Release|Any CPU.ActiveCfg = Release|Any CPU
		{6B1A9939-EACE-43B1-863A-B2FE7F58A268}.Release|Any CPU.Build.0 = Release|Any CPU
		{8C03EF0F-57DC-4D18-8B88-D77313E371DA}.Debug|Any CPU.ActiveCfg = Debug|Any CPU
		{8C03EF0F-57DC-4D18-8B88-D77313E371DA}.Debug|Any CPU.Build.0 = Debug|Any CPU
		{8C03EF0F-57DC-4D18-8B88-D77313E371DA}.Release|Any CPU.ActiveCfg = Release|Any CPU
		{8C03EF0F-57DC-4D18-8B88-D77313E371DA}.Release|Any CPU.Build.0 = Release|Any CPU
		{74BDEC9A-D55F-4031-829B-0ACF3AD1F69A}.Debug|Any CPU.ActiveCfg = Debug|Any CPU
		{74BDEC9A-D55F-4031-829B-0ACF3AD1F69A}.Debug|Any CPU.Build.0 = Debug|Any CPU
		{74BDEC9A-D55F-4031-829B-0ACF3AD1F69A}.Release|Any CPU.ActiveCfg = Release|Any CPU
		{74BDEC9A-D55F-4031-829B-0ACF3AD1F69A}.Release|Any CPU.Build.0 = Release|Any CPU
		{69860316-DB99-4C74-AD7A-31177F2733A3}.Debug|Any CPU.ActiveCfg = Debug|Any CPU
		{69860316-DB99-4C74-AD7A-31177F2733A3}.Debug|Any CPU.Build.0 = Debug|Any CPU
		{69860316-DB99-4C74-AD7A-31177F2733A3}.Release|Any CPU.ActiveCfg = Release|Any CPU
		{69860316-DB99-4C74-AD7A-31177F2733A3}.Release|Any CPU.Build.0 = Release|Any CPU
		{019D43AC-296E-434E-90B9-0C122CDBD67E}.Debug|Any CPU.ActiveCfg = Debug|Any CPU
		{019D43AC-296E-434E-90B9-0C122CDBD67E}.Debug|Any CPU.Build.0 = Debug|Any CPU
		{019D43AC-296E-434E-90B9-0C122CDBD67E}.Release|Any CPU.ActiveCfg = Release|Any CPU
		{019D43AC-296E-434E-90B9-0C122CDBD67E}.Release|Any CPU.Build.0 = Release|Any CPU
		{38D76700-C62B-4B5E-A1CE-C073798A0E90}.Debug|Any CPU.ActiveCfg = Debug|Any CPU
		{38D76700-C62B-4B5E-A1CE-C073798A0E90}.Debug|Any CPU.Build.0 = Debug|Any CPU
		{38D76700-C62B-4B5E-A1CE-C073798A0E90}.Release|Any CPU.ActiveCfg = Release|Any CPU
		{38D76700-C62B-4B5E-A1CE-C073798A0E90}.Release|Any CPU.Build.0 = Release|Any CPU
	EndGlobalSection
	GlobalSection(SolutionProperties) = preSolution
		HideSolutionNode = FALSE
	EndGlobalSection
	GlobalSection(NestedProjects) = preSolution
		{E6877D8F-ADA6-46FD-9221-404F96C7700A} = {E969BE9E-9EAB-40BC-9583-D13621BAD7EB}
		{1D96C0FD-A22A-4048-875F-9D9D8C7F50D8} = {E6877D8F-ADA6-46FD-9221-404F96C7700A}
		{2A4910CB-D455-460C-AF1C-80CE93F68A5E} = {E6877D8F-ADA6-46FD-9221-404F96C7700A}
		{0382913D-7216-4AAC-BEAE-ABA5C6E1A651} = {E6877D8F-ADA6-46FD-9221-404F96C7700A}
		{0DD4CA8C-0C09-45C6-BB9A-21F8FC03BA76} = {E6877D8F-ADA6-46FD-9221-404F96C7700A}
		{92D72059-7F4F-4CA0-8064-94868CB940C0} = {E6877D8F-ADA6-46FD-9221-404F96C7700A}
		{6B1A9939-EACE-43B1-863A-B2FE7F58A268} = {E6877D8F-ADA6-46FD-9221-404F96C7700A}
		{32F70EB2-A72B-4751-8A21-A457D854F53F} = {E969BE9E-9EAB-40BC-9583-D13621BAD7EB}
		{8C03EF0F-57DC-4D18-8B88-D77313E371DA} = {32F70EB2-A72B-4751-8A21-A457D854F53F}
		{74BDEC9A-D55F-4031-829B-0ACF3AD1F69A} = {32F70EB2-A72B-4751-8A21-A457D854F53F}
		{69860316-DB99-4C74-AD7A-31177F2733A3} = {32F70EB2-A72B-4751-8A21-A457D854F53F}
		{019D43AC-296E-434E-90B9-0C122CDBD67E} = {32F70EB2-A72B-4751-8A21-A457D854F53F}
		{38D76700-C62B-4B5E-A1CE-C073798A0E90} = {32F70EB2-A72B-4751-8A21-A457D854F53F}
	EndGlobalSection
	GlobalSection(ExtensibilityGlobals) = postSolution
		SolutionGuid = {E01A4310-3D28-477D-A6CD-998BF32E79D8}
	EndGlobalSection
EndGlobal
